// !$*UTF8*$!
{
	archiveVersion = 1;
	classes = {
	};
	objectVersion = 51;
	objects = {

/* Begin PBXBuildFile section */
		07F4CAF2197F67F3E1C5BD16 /* Pods_chanchannel_chanchannelUITests.framework in Frameworks */ = {isa = PBXBuildFile; fileRef = FA48E2A095B2834C476660F6 /* Pods_chanchannel_chanchannelUITests.framework */; };
		285E2ABBB70AB2EF9D348EA8 /* Pods_chanchannelTests.framework in Frameworks */ = {isa = PBXBuildFile; fileRef = 1C5F181D85C985A605EAFA09 /* Pods_chanchannelTests.framework */; };
		8E66A0494ADC804553BE15AE /* Pods_chanchannel.framework in Frameworks */ = {isa = PBXBuildFile; fileRef = 3426FC6D01318419DBC71960 /* Pods_chanchannel.framework */; };
		E84BB72B24E6C20F0086BD55 /* AppDelegate.swift in Sources */ = {isa = PBXBuildFile; fileRef = E84BB72A24E6C20F0086BD55 /* AppDelegate.swift */; };
		E84BB72D24E6C20F0086BD55 /* SceneDelegate.swift in Sources */ = {isa = PBXBuildFile; fileRef = E84BB72C24E6C20F0086BD55 /* SceneDelegate.swift */; };
		E84BB73124E6C2110086BD55 /* Assets.xcassets in Resources */ = {isa = PBXBuildFile; fileRef = E84BB73024E6C2110086BD55 /* Assets.xcassets */; };
		E84BB73424E6C2110086BD55 /* Preview Assets.xcassets in Resources */ = {isa = PBXBuildFile; fileRef = E84BB73324E6C2110086BD55 /* Preview Assets.xcassets */; };
		E84BB73724E6C2110086BD55 /* LaunchScreen.storyboard in Resources */ = {isa = PBXBuildFile; fileRef = E84BB73524E6C2110086BD55 /* LaunchScreen.storyboard */; };
		E84BB74224E6C2110086BD55 /* chanchannelTests.swift in Sources */ = {isa = PBXBuildFile; fileRef = E84BB74124E6C2110086BD55 /* chanchannelTests.swift */; };
		E84BB74D24E6C2110086BD55 /* chanchannelUITests.swift in Sources */ = {isa = PBXBuildFile; fileRef = E84BB74C24E6C2110086BD55 /* chanchannelUITests.swift */; };
		E84BB75E24E6C7E50086BD55 /* HomeVC.swift in Sources */ = {isa = PBXBuildFile; fileRef = E84BB75D24E6C7E50086BD55 /* HomeVC.swift */; };
		E84BB76024E6C81E0086BD55 /* SuperVC.swift in Sources */ = {isa = PBXBuildFile; fileRef = E84BB75F24E6C81E0086BD55 /* SuperVC.swift */; };
		E87EEBA324EA7CDC0012F87B /* HomeViewModel.swift in Sources */ = {isa = PBXBuildFile; fileRef = E87EEBA224EA7CDC0012F87B /* HomeViewModel.swift */; };
		E87EEBA824EA7FC80012F87B /* AddOrCreatePostVC.swift in Sources */ = {isa = PBXBuildFile; fileRef = E87EEBA724EA7FC80012F87B /* AddOrCreatePostVC.swift */; };
		E87EEBAA24EA800C0012F87B /* NSLayoutConstraintExtension.swift in Sources */ = {isa = PBXBuildFile; fileRef = E87EEBA924EA800C0012F87B /* NSLayoutConstraintExtension.swift */; };
		E87EEBAC24EA96920012F87B /* AddOrCreatePostViewModel.swift in Sources */ = {isa = PBXBuildFile; fileRef = E87EEBAB24EA96920012F87B /* AddOrCreatePostViewModel.swift */; };
		E87EEBAF24EA97A60012F87B /* ComposePostCell.swift in Sources */ = {isa = PBXBuildFile; fileRef = E87EEBAE24EA97A60012F87B /* ComposePostCell.swift */; };
		E87EEBB124EE52D40012F87B /* AccountHelper.swift in Sources */ = {isa = PBXBuildFile; fileRef = E87EEBB024EE52D40012F87B /* AccountHelper.swift */; };
		E87EEBB324EE54000012F87B /* LoginVC.swift in Sources */ = {isa = PBXBuildFile; fileRef = E87EEBB224EE54000012F87B /* LoginVC.swift */; };
		E87EEBB524EE578F0012F87B /* LoginHeaderView.swift in Sources */ = {isa = PBXBuildFile; fileRef = E87EEBB424EE578F0012F87B /* LoginHeaderView.swift */; };
		E87EEBB724EE57F20012F87B /* TextInputCell.swift in Sources */ = {isa = PBXBuildFile; fileRef = E87EEBB624EE57F20012F87B /* TextInputCell.swift */; };
		E87EEBB924EE5BD60012F87B /* AssetsColor.swift in Sources */ = {isa = PBXBuildFile; fileRef = E87EEBB824EE5BD60012F87B /* AssetsColor.swift */; };
		E87EEBBB24EE63650012F87B /* ArrayExtension.swift in Sources */ = {isa = PBXBuildFile; fileRef = E87EEBBA24EE63650012F87B /* ArrayExtension.swift */; };
		E8BFCE1924E6CC6E0011C994 /* GoogleService-Info.plist in Resources */ = {isa = PBXBuildFile; fileRef = E8BFCE1824E6CC6E0011C994 /* GoogleService-Info.plist */; };
		E8BFCE1B24EA5E630011C994 /* Post.swift in Sources */ = {isa = PBXBuildFile; fileRef = E8BFCE1A24EA5E630011C994 /* Post.swift */; };
/* End PBXBuildFile section */

/* Begin PBXContainerItemProxy section */
		E84BB73E24E6C2110086BD55 /* PBXContainerItemProxy */ = {
			isa = PBXContainerItemProxy;
			containerPortal = E84BB71F24E6C20F0086BD55 /* Project object */;
			proxyType = 1;
			remoteGlobalIDString = E84BB72624E6C20F0086BD55;
			remoteInfo = chanchannel;
		};
		E84BB74924E6C2110086BD55 /* PBXContainerItemProxy */ = {
			isa = PBXContainerItemProxy;
			containerPortal = E84BB71F24E6C20F0086BD55 /* Project object */;
			proxyType = 1;
			remoteGlobalIDString = E84BB72624E6C20F0086BD55;
			remoteInfo = chanchannel;
		};
/* End PBXContainerItemProxy section */

/* Begin PBXFileReference section */
		1C5F181D85C985A605EAFA09 /* Pods_chanchannelTests.framework */ = {isa = PBXFileReference; explicitFileType = wrapper.framework; includeInIndex = 0; path = Pods_chanchannelTests.framework; sourceTree = BUILT_PRODUCTS_DIR; };
		3426FC6D01318419DBC71960 /* Pods_chanchannel.framework */ = {isa = PBXFileReference; explicitFileType = wrapper.framework; includeInIndex = 0; path = Pods_chanchannel.framework; sourceTree = BUILT_PRODUCTS_DIR; };
		A0760DC3FF883E7BCD5AC4F2 /* Pods-chanchannel.debug.xcconfig */ = {isa = PBXFileReference; includeInIndex = 1; lastKnownFileType = text.xcconfig; name = "Pods-chanchannel.debug.xcconfig"; path = "Target Support Files/Pods-chanchannel/Pods-chanchannel.debug.xcconfig"; sourceTree = "<group>"; };
		A5528471569C9C0EC4BAD165 /* Pods-chanchannelTests.release.xcconfig */ = {isa = PBXFileReference; includeInIndex = 1; lastKnownFileType = text.xcconfig; name = "Pods-chanchannelTests.release.xcconfig"; path = "Target Support Files/Pods-chanchannelTests/Pods-chanchannelTests.release.xcconfig"; sourceTree = "<group>"; };
		B728950ACDEFFC35ABE58DFF /* Pods-chanchannel.release.xcconfig */ = {isa = PBXFileReference; includeInIndex = 1; lastKnownFileType = text.xcconfig; name = "Pods-chanchannel.release.xcconfig"; path = "Target Support Files/Pods-chanchannel/Pods-chanchannel.release.xcconfig"; sourceTree = "<group>"; };
		D1D45D219E9CB1F555848E16 /* Pods-chanchannel-chanchannelUITests.release.xcconfig */ = {isa = PBXFileReference; includeInIndex = 1; lastKnownFileType = text.xcconfig; name = "Pods-chanchannel-chanchannelUITests.release.xcconfig"; path = "Target Support Files/Pods-chanchannel-chanchannelUITests/Pods-chanchannel-chanchannelUITests.release.xcconfig"; sourceTree = "<group>"; };
		E64923EBEE020E780AD9D7A9 /* Pods-chanchannelTests.debug.xcconfig */ = {isa = PBXFileReference; includeInIndex = 1; lastKnownFileType = text.xcconfig; name = "Pods-chanchannelTests.debug.xcconfig"; path = "Target Support Files/Pods-chanchannelTests/Pods-chanchannelTests.debug.xcconfig"; sourceTree = "<group>"; };
		E84BB72724E6C20F0086BD55 /* chanchannel.app */ = {isa = PBXFileReference; explicitFileType = wrapper.application; includeInIndex = 0; path = chanchannel.app; sourceTree = BUILT_PRODUCTS_DIR; };
		E84BB72A24E6C20F0086BD55 /* AppDelegate.swift */ = {isa = PBXFileReference; lastKnownFileType = sourcecode.swift; path = AppDelegate.swift; sourceTree = "<group>"; };
		E84BB72C24E6C20F0086BD55 /* SceneDelegate.swift */ = {isa = PBXFileReference; lastKnownFileType = sourcecode.swift; path = SceneDelegate.swift; sourceTree = "<group>"; };
		E84BB73024E6C2110086BD55 /* Assets.xcassets */ = {isa = PBXFileReference; lastKnownFileType = folder.assetcatalog; path = Assets.xcassets; sourceTree = "<group>"; };
		E84BB73324E6C2110086BD55 /* Preview Assets.xcassets */ = {isa = PBXFileReference; lastKnownFileType = folder.assetcatalog; path = "Preview Assets.xcassets"; sourceTree = "<group>"; };
		E84BB73624E6C2110086BD55 /* Base */ = {isa = PBXFileReference; lastKnownFileType = file.storyboard; name = Base; path = Base.lproj/LaunchScreen.storyboard; sourceTree = "<group>"; };
		E84BB73824E6C2110086BD55 /* Info.plist */ = {isa = PBXFileReference; lastKnownFileType = text.plist.xml; path = Info.plist; sourceTree = "<group>"; };
		E84BB73D24E6C2110086BD55 /* chanchannelTests.xctest */ = {isa = PBXFileReference; explicitFileType = wrapper.cfbundle; includeInIndex = 0; path = chanchannelTests.xctest; sourceTree = BUILT_PRODUCTS_DIR; };
		E84BB74124E6C2110086BD55 /* chanchannelTests.swift */ = {isa = PBXFileReference; lastKnownFileType = sourcecode.swift; path = chanchannelTests.swift; sourceTree = "<group>"; };
		E84BB74324E6C2110086BD55 /* Info.plist */ = {isa = PBXFileReference; lastKnownFileType = text.plist.xml; path = Info.plist; sourceTree = "<group>"; };
		E84BB74824E6C2110086BD55 /* chanchannelUITests.xctest */ = {isa = PBXFileReference; explicitFileType = wrapper.cfbundle; includeInIndex = 0; path = chanchannelUITests.xctest; sourceTree = BUILT_PRODUCTS_DIR; };
		E84BB74C24E6C2110086BD55 /* chanchannelUITests.swift */ = {isa = PBXFileReference; lastKnownFileType = sourcecode.swift; path = chanchannelUITests.swift; sourceTree = "<group>"; };
		E84BB74E24E6C2110086BD55 /* Info.plist */ = {isa = PBXFileReference; lastKnownFileType = text.plist.xml; path = Info.plist; sourceTree = "<group>"; };
		E84BB75D24E6C7E50086BD55 /* HomeVC.swift */ = {isa = PBXFileReference; lastKnownFileType = sourcecode.swift; path = HomeVC.swift; sourceTree = "<group>"; };
		E84BB75F24E6C81E0086BD55 /* SuperVC.swift */ = {isa = PBXFileReference; lastKnownFileType = sourcecode.swift; path = SuperVC.swift; sourceTree = "<group>"; };
		E87EEBA224EA7CDC0012F87B /* HomeViewModel.swift */ = {isa = PBXFileReference; lastKnownFileType = sourcecode.swift; path = HomeViewModel.swift; sourceTree = "<group>"; };
		E87EEBA724EA7FC80012F87B /* AddOrCreatePostVC.swift */ = {isa = PBXFileReference; lastKnownFileType = sourcecode.swift; path = AddOrCreatePostVC.swift; sourceTree = "<group>"; };
		E87EEBA924EA800C0012F87B /* NSLayoutConstraintExtension.swift */ = {isa = PBXFileReference; lastKnownFileType = sourcecode.swift; path = NSLayoutConstraintExtension.swift; sourceTree = "<group>"; };
		E87EEBAB24EA96920012F87B /* AddOrCreatePostViewModel.swift */ = {isa = PBXFileReference; lastKnownFileType = sourcecode.swift; path = AddOrCreatePostViewModel.swift; sourceTree = "<group>"; };
		E87EEBAE24EA97A60012F87B /* ComposePostCell.swift */ = {isa = PBXFileReference; lastKnownFileType = sourcecode.swift; path = ComposePostCell.swift; sourceTree = "<group>"; };
		E87EEBB024EE52D40012F87B /* AccountHelper.swift */ = {isa = PBXFileReference; lastKnownFileType = sourcecode.swift; path = AccountHelper.swift; sourceTree = "<group>"; };
		E87EEBB224EE54000012F87B /* LoginVC.swift */ = {isa = PBXFileReference; lastKnownFileType = sourcecode.swift; path = LoginVC.swift; sourceTree = "<group>"; };
		E87EEBB424EE578F0012F87B /* LoginHeaderView.swift */ = {isa = PBXFileReference; lastKnownFileType = sourcecode.swift; path = LoginHeaderView.swift; sourceTree = "<group>"; };
		E87EEBB624EE57F20012F87B /* TextInputCell.swift */ = {isa = PBXFileReference; lastKnownFileType = sourcecode.swift; path = TextInputCell.swift; sourceTree = "<group>"; };
		E87EEBB824EE5BD60012F87B /* AssetsColor.swift */ = {isa = PBXFileReference; lastKnownFileType = sourcecode.swift; path = AssetsColor.swift; sourceTree = "<group>"; };
		E87EEBBA24EE63650012F87B /* ArrayExtension.swift */ = {isa = PBXFileReference; lastKnownFileType = sourcecode.swift; path = ArrayExtension.swift; sourceTree = "<group>"; };
		E8BFCE1824E6CC6E0011C994 /* GoogleService-Info.plist */ = {isa = PBXFileReference; fileEncoding = 4; lastKnownFileType = text.plist.xml; path = "GoogleService-Info.plist"; sourceTree = "<group>"; };
		E8BFCE1A24EA5E630011C994 /* Post.swift */ = {isa = PBXFileReference; lastKnownFileType = sourcecode.swift; path = Post.swift; sourceTree = "<group>"; };
		EF92BB75D408E4F78FECF230 /* Pods-chanchannel-chanchannelUITests.debug.xcconfig */ = {isa = PBXFileReference; includeInIndex = 1; lastKnownFileType = text.xcconfig; name = "Pods-chanchannel-chanchannelUITests.debug.xcconfig"; path = "Target Support Files/Pods-chanchannel-chanchannelUITests/Pods-chanchannel-chanchannelUITests.debug.xcconfig"; sourceTree = "<group>"; };
		FA48E2A095B2834C476660F6 /* Pods_chanchannel_chanchannelUITests.framework */ = {isa = PBXFileReference; explicitFileType = wrapper.framework; includeInIndex = 0; path = Pods_chanchannel_chanchannelUITests.framework; sourceTree = BUILT_PRODUCTS_DIR; };
/* End PBXFileReference section */

/* Begin PBXFrameworksBuildPhase section */
		E84BB72424E6C20F0086BD55 /* Frameworks */ = {
			isa = PBXFrameworksBuildPhase;
			buildActionMask = 2147483647;
			files = (
				8E66A0494ADC804553BE15AE /* Pods_chanchannel.framework in Frameworks */,
			);
			runOnlyForDeploymentPostprocessing = 0;
		};
		E84BB73A24E6C2110086BD55 /* Frameworks */ = {
			isa = PBXFrameworksBuildPhase;
			buildActionMask = 2147483647;
			files = (
				285E2ABBB70AB2EF9D348EA8 /* Pods_chanchannelTests.framework in Frameworks */,
			);
			runOnlyForDeploymentPostprocessing = 0;
		};
		E84BB74524E6C2110086BD55 /* Frameworks */ = {
			isa = PBXFrameworksBuildPhase;
			buildActionMask = 2147483647;
			files = (
				07F4CAF2197F67F3E1C5BD16 /* Pods_chanchannel_chanchannelUITests.framework in Frameworks */,
			);
			runOnlyForDeploymentPostprocessing = 0;
		};
/* End PBXFrameworksBuildPhase section */

/* Begin PBXGroup section */
		3311C853A6AE9714C3E84860 /* Pods */ = {
			isa = PBXGroup;
			children = (
				A0760DC3FF883E7BCD5AC4F2 /* Pods-chanchannel.debug.xcconfig */,
				B728950ACDEFFC35ABE58DFF /* Pods-chanchannel.release.xcconfig */,
				EF92BB75D408E4F78FECF230 /* Pods-chanchannel-chanchannelUITests.debug.xcconfig */,
				D1D45D219E9CB1F555848E16 /* Pods-chanchannel-chanchannelUITests.release.xcconfig */,
				E64923EBEE020E780AD9D7A9 /* Pods-chanchannelTests.debug.xcconfig */,
				A5528471569C9C0EC4BAD165 /* Pods-chanchannelTests.release.xcconfig */,
			);
			path = Pods;
			sourceTree = "<group>";
		};
		BB49192C2B9D2CE8E8654ECB /* Frameworks */ = {
			isa = PBXGroup;
			children = (
				3426FC6D01318419DBC71960 /* Pods_chanchannel.framework */,
				FA48E2A095B2834C476660F6 /* Pods_chanchannel_chanchannelUITests.framework */,
				1C5F181D85C985A605EAFA09 /* Pods_chanchannelTests.framework */,
			);
			name = Frameworks;
			sourceTree = "<group>";
		};
		E84BB71E24E6C20F0086BD55 = {
			isa = PBXGroup;
			children = (
				E84BB72924E6C20F0086BD55 /* chanchannel */,
				E84BB74024E6C2110086BD55 /* chanchannelTests */,
				E84BB74B24E6C2110086BD55 /* chanchannelUITests */,
				E84BB72824E6C20F0086BD55 /* Products */,
				3311C853A6AE9714C3E84860 /* Pods */,
				BB49192C2B9D2CE8E8654ECB /* Frameworks */,
			);
			sourceTree = "<group>";
		};
		E84BB72824E6C20F0086BD55 /* Products */ = {
			isa = PBXGroup;
			children = (
				E84BB72724E6C20F0086BD55 /* chanchannel.app */,
				E84BB73D24E6C2110086BD55 /* chanchannelTests.xctest */,
				E84BB74824E6C2110086BD55 /* chanchannelUITests.xctest */,
			);
			name = Products;
			sourceTree = "<group>";
		};
		E84BB72924E6C20F0086BD55 /* chanchannel */ = {
			isa = PBXGroup;
			children = (
				E87EEBAD24EA97460012F87B /* Views */,
				E87EEBA424EA7D010012F87B /* Helper */,
				E84BB75B24E6C36E0086BD55 /* Model */,
				E84BB75A24E6C3620086BD55 /* ViewControllers */,
				E84BB75C24E6C3780086BD55 /* ViewModels */,
				E84BB72A24E6C20F0086BD55 /* AppDelegate.swift */,
				E84BB72C24E6C20F0086BD55 /* SceneDelegate.swift */,
				E84BB73024E6C2110086BD55 /* Assets.xcassets */,
				E84BB73524E6C2110086BD55 /* LaunchScreen.storyboard */,
				E84BB73824E6C2110086BD55 /* Info.plist */,
				E8BFCE1824E6CC6E0011C994 /* GoogleService-Info.plist */,
				E84BB73224E6C2110086BD55 /* Preview Content */,
			);
			path = chanchannel;
			sourceTree = "<group>";
		};
		E84BB73224E6C2110086BD55 /* Preview Content */ = {
			isa = PBXGroup;
			children = (
				E84BB73324E6C2110086BD55 /* Preview Assets.xcassets */,
			);
			path = "Preview Content";
			sourceTree = "<group>";
		};
		E84BB74024E6C2110086BD55 /* chanchannelTests */ = {
			isa = PBXGroup;
			children = (
				E84BB74124E6C2110086BD55 /* chanchannelTests.swift */,
				E84BB74324E6C2110086BD55 /* Info.plist */,
			);
			path = chanchannelTests;
			sourceTree = "<group>";
		};
		E84BB74B24E6C2110086BD55 /* chanchannelUITests */ = {
			isa = PBXGroup;
			children = (
				E84BB74C24E6C2110086BD55 /* chanchannelUITests.swift */,
				E84BB74E24E6C2110086BD55 /* Info.plist */,
			);
			path = chanchannelUITests;
			sourceTree = "<group>";
		};
		E84BB75A24E6C3620086BD55 /* ViewControllers */ = {
			isa = PBXGroup;
			children = (
				E84BB75D24E6C7E50086BD55 /* HomeVC.swift */,
				E84BB75F24E6C81E0086BD55 /* SuperVC.swift */,
				E87EEBA724EA7FC80012F87B /* AddOrCreatePostVC.swift */,
				E87EEBB224EE54000012F87B /* LoginVC.swift */,
			);
			path = ViewControllers;
			sourceTree = "<group>";
		};
		E84BB75B24E6C36E0086BD55 /* Model */ = {
			isa = PBXGroup;
			children = (
				E8BFCE1A24EA5E630011C994 /* Post.swift */,
			);
			path = Model;
			sourceTree = "<group>";
		};
		E84BB75C24E6C3780086BD55 /* ViewModels */ = {
			isa = PBXGroup;
			children = (
				E87EEBA224EA7CDC0012F87B /* HomeViewModel.swift */,
				E87EEBAB24EA96920012F87B /* AddOrCreatePostViewModel.swift */,
			);
			path = ViewModels;
			sourceTree = "<group>";
		};
		E87EEBA424EA7D010012F87B /* Helper */ = {
			isa = PBXGroup;
			children = (
				E87EEBA924EA800C0012F87B /* NSLayoutConstraintExtension.swift */,
				E87EEBB024EE52D40012F87B /* AccountHelper.swift */,
				E87EEBB824EE5BD60012F87B /* AssetsColor.swift */,
				E87EEBBA24EE63650012F87B /* ArrayExtension.swift */,
			);
			path = Helper;
			sourceTree = "<group>";
		};
		E87EEBAD24EA97460012F87B /* Views */ = {
			isa = PBXGroup;
			children = (
				E87EEBAE24EA97A60012F87B /* ComposePostCell.swift */,
				E87EEBB424EE578F0012F87B /* LoginHeaderView.swift */,
				E87EEBB624EE57F20012F87B /* TextInputCell.swift */,
			);
			path = Views;
			sourceTree = "<group>";
		};
/* End PBXGroup section */

/* Begin PBXNativeTarget section */
		E84BB72624E6C20F0086BD55 /* chanchannel */ = {
			isa = PBXNativeTarget;
			buildConfigurationList = E84BB75124E6C2110086BD55 /* Build configuration list for PBXNativeTarget "chanchannel" */;
			buildPhases = (
				6B2ADE6B2737DE95A27E9F75 /* [CP] Check Pods Manifest.lock */,
				E84BB72324E6C20F0086BD55 /* Sources */,
				E84BB72424E6C20F0086BD55 /* Frameworks */,
				E84BB72524E6C20F0086BD55 /* Resources */,
				37EF09CFD7D7FEED1E5D88AA /* [CP] Embed Pods Frameworks */,
			);
			buildRules = (
			);
			dependencies = (
			);
			name = chanchannel;
			productName = chanchannel;
			productReference = E84BB72724E6C20F0086BD55 /* chanchannel.app */;
			productType = "com.apple.product-type.application";
		};
		E84BB73C24E6C2110086BD55 /* chanchannelTests */ = {
			isa = PBXNativeTarget;
			buildConfigurationList = E84BB75424E6C2110086BD55 /* Build configuration list for PBXNativeTarget "chanchannelTests" */;
			buildPhases = (
				080B789585080E0E879081EC /* [CP] Check Pods Manifest.lock */,
				E84BB73924E6C2110086BD55 /* Sources */,
				E84BB73A24E6C2110086BD55 /* Frameworks */,
				E84BB73B24E6C2110086BD55 /* Resources */,
			);
			buildRules = (
			);
			dependencies = (
				E84BB73F24E6C2110086BD55 /* PBXTargetDependency */,
			);
			name = chanchannelTests;
			productName = chanchannelTests;
			productReference = E84BB73D24E6C2110086BD55 /* chanchannelTests.xctest */;
			productType = "com.apple.product-type.bundle.unit-test";
		};
		E84BB74724E6C2110086BD55 /* chanchannelUITests */ = {
			isa = PBXNativeTarget;
			buildConfigurationList = E84BB75724E6C2110086BD55 /* Build configuration list for PBXNativeTarget "chanchannelUITests" */;
			buildPhases = (
				7B28B886F530BA29D8B752B2 /* [CP] Check Pods Manifest.lock */,
				E84BB74424E6C2110086BD55 /* Sources */,
				E84BB74524E6C2110086BD55 /* Frameworks */,
				E84BB74624E6C2110086BD55 /* Resources */,
				D3341C63A8620D7F7816E9C7 /* [CP] Embed Pods Frameworks */,
			);
			buildRules = (
			);
			dependencies = (
				E84BB74A24E6C2110086BD55 /* PBXTargetDependency */,
			);
			name = chanchannelUITests;
			productName = chanchannelUITests;
			productReference = E84BB74824E6C2110086BD55 /* chanchannelUITests.xctest */;
			productType = "com.apple.product-type.bundle.ui-testing";
		};
/* End PBXNativeTarget section */

/* Begin PBXProject section */
		E84BB71F24E6C20F0086BD55 /* Project object */ = {
			isa = PBXProject;
			attributes = {
				LastSwiftUpdateCheck = 1160;
				LastUpgradeCheck = 1160;
				ORGANIZATIONNAME = Odan;
				TargetAttributes = {
					E84BB72624E6C20F0086BD55 = {
						CreatedOnToolsVersion = 11.6;
					};
					E84BB73C24E6C2110086BD55 = {
						CreatedOnToolsVersion = 11.6;
						TestTargetID = E84BB72624E6C20F0086BD55;
					};
					E84BB74724E6C2110086BD55 = {
						CreatedOnToolsVersion = 11.6;
						TestTargetID = E84BB72624E6C20F0086BD55;
					};
				};
			};
			buildConfigurationList = E84BB72224E6C20F0086BD55 /* Build configuration list for PBXProject "chanchannel" */;
			compatibilityVersion = "Xcode 9.3";
			developmentRegion = en;
			hasScannedForEncodings = 0;
			knownRegions = (
				en,
				Base,
			);
			mainGroup = E84BB71E24E6C20F0086BD55;
			productRefGroup = E84BB72824E6C20F0086BD55 /* Products */;
			projectDirPath = "";
			projectRoot = "";
			targets = (
				E84BB72624E6C20F0086BD55 /* chanchannel */,
				E84BB73C24E6C2110086BD55 /* chanchannelTests */,
				E84BB74724E6C2110086BD55 /* chanchannelUITests */,
			);
		};
/* End PBXProject section */

/* Begin PBXResourcesBuildPhase section */
		E84BB72524E6C20F0086BD55 /* Resources */ = {
			isa = PBXResourcesBuildPhase;
			buildActionMask = 2147483647;
			files = (
				E84BB73724E6C2110086BD55 /* LaunchScreen.storyboard in Resources */,
				E8BFCE1924E6CC6E0011C994 /* GoogleService-Info.plist in Resources */,
				E84BB73424E6C2110086BD55 /* Preview Assets.xcassets in Resources */,
				E84BB73124E6C2110086BD55 /* Assets.xcassets in Resources */,
			);
			runOnlyForDeploymentPostprocessing = 0;
		};
		E84BB73B24E6C2110086BD55 /* Resources */ = {
			isa = PBXResourcesBuildPhase;
			buildActionMask = 2147483647;
			files = (
			);
			runOnlyForDeploymentPostprocessing = 0;
		};
		E84BB74624E6C2110086BD55 /* Resources */ = {
			isa = PBXResourcesBuildPhase;
			buildActionMask = 2147483647;
			files = (
			);
			runOnlyForDeploymentPostprocessing = 0;
		};
/* End PBXResourcesBuildPhase section */

/* Begin PBXShellScriptBuildPhase section */
		080B789585080E0E879081EC /* [CP] Check Pods Manifest.lock */ = {
			isa = PBXShellScriptBuildPhase;
			buildActionMask = 2147483647;
			files = (
			);
			inputFileListPaths = (
			);
			inputPaths = (
				"${PODS_PODFILE_DIR_PATH}/Podfile.lock",
				"${PODS_ROOT}/Manifest.lock",
			);
			name = "[CP] Check Pods Manifest.lock";
			outputFileListPaths = (
			);
			outputPaths = (
				"$(DERIVED_FILE_DIR)/Pods-chanchannelTests-checkManifestLockResult.txt",
			);
			runOnlyForDeploymentPostprocessing = 0;
			shellPath = /bin/sh;
			shellScript = "diff \"${PODS_PODFILE_DIR_PATH}/Podfile.lock\" \"${PODS_ROOT}/Manifest.lock\" > /dev/null\nif [ $? != 0 ] ; then\n    # print error to STDERR\n    echo \"error: The sandbox is not in sync with the Podfile.lock. Run 'pod install' or update your CocoaPods installation.\" >&2\n    exit 1\nfi\n# This output is used by Xcode 'outputs' to avoid re-running this script phase.\necho \"SUCCESS\" > \"${SCRIPT_OUTPUT_FILE_0}\"\n";
			showEnvVarsInLog = 0;
		};
		37EF09CFD7D7FEED1E5D88AA /* [CP] Embed Pods Frameworks */ = {
			isa = PBXShellScriptBuildPhase;
			buildActionMask = 2147483647;
			files = (
			);
			inputFileListPaths = (
				"${PODS_ROOT}/Target Support Files/Pods-chanchannel/Pods-chanchannel-frameworks-${CONFIGURATION}-input-files.xcfilelist",
			);
			name = "[CP] Embed Pods Frameworks";
			outputFileListPaths = (
				"${PODS_ROOT}/Target Support Files/Pods-chanchannel/Pods-chanchannel-frameworks-${CONFIGURATION}-output-files.xcfilelist",
			);
			runOnlyForDeploymentPostprocessing = 0;
			shellPath = /bin/sh;
			shellScript = "\"${PODS_ROOT}/Target Support Files/Pods-chanchannel/Pods-chanchannel-frameworks.sh\"\n";
			showEnvVarsInLog = 0;
		};
		6B2ADE6B2737DE95A27E9F75 /* [CP] Check Pods Manifest.lock */ = {
			isa = PBXShellScriptBuildPhase;
			buildActionMask = 2147483647;
			files = (
			);
			inputFileListPaths = (
			);
			inputPaths = (
				"${PODS_PODFILE_DIR_PATH}/Podfile.lock",
				"${PODS_ROOT}/Manifest.lock",
			);
			name = "[CP] Check Pods Manifest.lock";
			outputFileListPaths = (
			);
			outputPaths = (
				"$(DERIVED_FILE_DIR)/Pods-chanchannel-checkManifestLockResult.txt",
			);
			runOnlyForDeploymentPostprocessing = 0;
			shellPath = /bin/sh;
			shellScript = "diff \"${PODS_PODFILE_DIR_PATH}/Podfile.lock\" \"${PODS_ROOT}/Manifest.lock\" > /dev/null\nif [ $? != 0 ] ; then\n    # print error to STDERR\n    echo \"error: The sandbox is not in sync with the Podfile.lock. Run 'pod install' or update your CocoaPods installation.\" >&2\n    exit 1\nfi\n# This output is used by Xcode 'outputs' to avoid re-running this script phase.\necho \"SUCCESS\" > \"${SCRIPT_OUTPUT_FILE_0}\"\n";
			showEnvVarsInLog = 0;
		};
		7B28B886F530BA29D8B752B2 /* [CP] Check Pods Manifest.lock */ = {
			isa = PBXShellScriptBuildPhase;
			buildActionMask = 2147483647;
			files = (
			);
			inputFileListPaths = (
			);
			inputPaths = (
				"${PODS_PODFILE_DIR_PATH}/Podfile.lock",
				"${PODS_ROOT}/Manifest.lock",
			);
			name = "[CP] Check Pods Manifest.lock";
			outputFileListPaths = (
			);
			outputPaths = (
				"$(DERIVED_FILE_DIR)/Pods-chanchannel-chanchannelUITests-checkManifestLockResult.txt",
			);
			runOnlyForDeploymentPostprocessing = 0;
			shellPath = /bin/sh;
			shellScript = "diff \"${PODS_PODFILE_DIR_PATH}/Podfile.lock\" \"${PODS_ROOT}/Manifest.lock\" > /dev/null\nif [ $? != 0 ] ; then\n    # print error to STDERR\n    echo \"error: The sandbox is not in sync with the Podfile.lock. Run 'pod install' or update your CocoaPods installation.\" >&2\n    exit 1\nfi\n# This output is used by Xcode 'outputs' to avoid re-running this script phase.\necho \"SUCCESS\" > \"${SCRIPT_OUTPUT_FILE_0}\"\n";
			showEnvVarsInLog = 0;
		};
		D3341C63A8620D7F7816E9C7 /* [CP] Embed Pods Frameworks */ = {
			isa = PBXShellScriptBuildPhase;
			buildActionMask = 2147483647;
			files = (
			);
			inputFileListPaths = (
				"${PODS_ROOT}/Target Support Files/Pods-chanchannel-chanchannelUITests/Pods-chanchannel-chanchannelUITests-frameworks-${CONFIGURATION}-input-files.xcfilelist",
			);
			name = "[CP] Embed Pods Frameworks";
			outputFileListPaths = (
				"${PODS_ROOT}/Target Support Files/Pods-chanchannel-chanchannelUITests/Pods-chanchannel-chanchannelUITests-frameworks-${CONFIGURATION}-output-files.xcfilelist",
			);
			runOnlyForDeploymentPostprocessing = 0;
			shellPath = /bin/sh;
			shellScript = "\"${PODS_ROOT}/Target Support Files/Pods-chanchannel-chanchannelUITests/Pods-chanchannel-chanchannelUITests-frameworks.sh\"\n";
			showEnvVarsInLog = 0;
		};
/* End PBXShellScriptBuildPhase section */

/* Begin PBXSourcesBuildPhase section */
		E84BB72324E6C20F0086BD55 /* Sources */ = {
			isa = PBXSourcesBuildPhase;
			buildActionMask = 2147483647;
			files = (
				E84BB76024E6C81E0086BD55 /* SuperVC.swift in Sources */,
				E87EEBAA24EA800C0012F87B /* NSLayoutConstraintExtension.swift in Sources */,
				E87EEBB324EE54000012F87B /* LoginVC.swift in Sources */,
				E87EEBA324EA7CDC0012F87B /* HomeViewModel.swift in Sources */,
				E87EEBAC24EA96920012F87B /* AddOrCreatePostViewModel.swift in Sources */,
				E87EEBB124EE52D40012F87B /* AccountHelper.swift in Sources */,
				E87EEBAF24EA97A60012F87B /* ComposePostCell.swift in Sources */,
				E84BB72B24E6C20F0086BD55 /* AppDelegate.swift in Sources */,
				E87EEBB524EE578F0012F87B /* LoginHeaderView.swift in Sources */,
				E84BB75E24E6C7E50086BD55 /* HomeVC.swift in Sources */,
				E84BB72D24E6C20F0086BD55 /* SceneDelegate.swift in Sources */,
				E87EEBBB24EE63650012F87B /* ArrayExtension.swift in Sources */,
				E87EEBB924EE5BD60012F87B /* AssetsColor.swift in Sources */,
				E8BFCE1B24EA5E630011C994 /* Post.swift in Sources */,
				E87EEBA824EA7FC80012F87B /* AddOrCreatePostVC.swift in Sources */,
				E87EEBB724EE57F20012F87B /* TextInputCell.swift in Sources */,
			);
			runOnlyForDeploymentPostprocessing = 0;
		};
		E84BB73924E6C2110086BD55 /* Sources */ = {
			isa = PBXSourcesBuildPhase;
			buildActionMask = 2147483647;
			files = (
				E84BB74224E6C2110086BD55 /* chanchannelTests.swift in Sources */,
			);
			runOnlyForDeploymentPostprocessing = 0;
		};
		E84BB74424E6C2110086BD55 /* Sources */ = {
			isa = PBXSourcesBuildPhase;
			buildActionMask = 2147483647;
			files = (
				E84BB74D24E6C2110086BD55 /* chanchannelUITests.swift in Sources */,
			);
			runOnlyForDeploymentPostprocessing = 0;
		};
/* End PBXSourcesBuildPhase section */

/* Begin PBXTargetDependency section */
		E84BB73F24E6C2110086BD55 /* PBXTargetDependency */ = {
			isa = PBXTargetDependency;
			target = E84BB72624E6C20F0086BD55 /* chanchannel */;
			targetProxy = E84BB73E24E6C2110086BD55 /* PBXContainerItemProxy */;
		};
		E84BB74A24E6C2110086BD55 /* PBXTargetDependency */ = {
			isa = PBXTargetDependency;
			target = E84BB72624E6C20F0086BD55 /* chanchannel */;
			targetProxy = E84BB74924E6C2110086BD55 /* PBXContainerItemProxy */;
		};
/* End PBXTargetDependency section */

/* Begin PBXVariantGroup section */
		E84BB73524E6C2110086BD55 /* LaunchScreen.storyboard */ = {
			isa = PBXVariantGroup;
			children = (
				E84BB73624E6C2110086BD55 /* Base */,
			);
			name = LaunchScreen.storyboard;
			sourceTree = "<group>";
		};
/* End PBXVariantGroup section */

/* Begin XCBuildConfiguration section */
		E84BB74F24E6C2110086BD55 /* Debug */ = {
			isa = XCBuildConfiguration;
			buildSettings = {
				ALWAYS_SEARCH_USER_PATHS = NO;
				CLANG_ANALYZER_NONNULL = YES;
				CLANG_ANALYZER_NUMBER_OBJECT_CONVERSION = YES_AGGRESSIVE;
				CLANG_CXX_LANGUAGE_STANDARD = "gnu++14";
				CLANG_CXX_LIBRARY = "libc++";
				CLANG_ENABLE_MODULES = YES;
				CLANG_ENABLE_OBJC_ARC = YES;
				CLANG_ENABLE_OBJC_WEAK = YES;
				CLANG_WARN_BLOCK_CAPTURE_AUTORELEASING = YES;
				CLANG_WARN_BOOL_CONVERSION = YES;
				CLANG_WARN_COMMA = YES;
				CLANG_WARN_CONSTANT_CONVERSION = YES;
				CLANG_WARN_DEPRECATED_OBJC_IMPLEMENTATIONS = YES;
				CLANG_WARN_DIRECT_OBJC_ISA_USAGE = YES_ERROR;
				CLANG_WARN_DOCUMENTATION_COMMENTS = YES;
				CLANG_WARN_EMPTY_BODY = YES;
				CLANG_WARN_ENUM_CONVERSION = YES;
				CLANG_WARN_INFINITE_RECURSION = YES;
				CLANG_WARN_INT_CONVERSION = YES;
				CLANG_WARN_NON_LITERAL_NULL_CONVERSION = YES;
				CLANG_WARN_OBJC_IMPLICIT_RETAIN_SELF = YES;
				CLANG_WARN_OBJC_LITERAL_CONVERSION = YES;
				CLANG_WARN_OBJC_ROOT_CLASS = YES_ERROR;
				CLANG_WARN_RANGE_LOOP_ANALYSIS = YES;
				CLANG_WARN_STRICT_PROTOTYPES = YES;
				CLANG_WARN_SUSPICIOUS_MOVE = YES;
				CLANG_WARN_UNGUARDED_AVAILABILITY = YES_AGGRESSIVE;
				CLANG_WARN_UNREACHABLE_CODE = YES;
				CLANG_WARN__DUPLICATE_METHOD_MATCH = YES;
				COPY_PHASE_STRIP = NO;
				DEBUG_INFORMATION_FORMAT = dwarf;
				ENABLE_STRICT_OBJC_MSGSEND = YES;
				ENABLE_TESTABILITY = YES;
				GCC_C_LANGUAGE_STANDARD = gnu11;
				GCC_DYNAMIC_NO_PIC = NO;
				GCC_NO_COMMON_BLOCKS = YES;
				GCC_OPTIMIZATION_LEVEL = 0;
				GCC_PREPROCESSOR_DEFINITIONS = (
					"DEBUG=1",
					"$(inherited)",
				);
				GCC_WARN_64_TO_32_BIT_CONVERSION = YES;
				GCC_WARN_ABOUT_RETURN_TYPE = YES_ERROR;
				GCC_WARN_UNDECLARED_SELECTOR = YES;
				GCC_WARN_UNINITIALIZED_AUTOS = YES_AGGRESSIVE;
				GCC_WARN_UNUSED_FUNCTION = YES;
				GCC_WARN_UNUSED_VARIABLE = YES;
				IPHONEOS_DEPLOYMENT_TARGET = 13.6;
				MTL_ENABLE_DEBUG_INFO = INCLUDE_SOURCE;
				MTL_FAST_MATH = YES;
				ONLY_ACTIVE_ARCH = YES;
				SDKROOT = iphoneos;
				SWIFT_ACTIVE_COMPILATION_CONDITIONS = DEBUG;
				SWIFT_OPTIMIZATION_LEVEL = "-Onone";
			};
			name = Debug;
		};
		E84BB75024E6C2110086BD55 /* Release */ = {
			isa = XCBuildConfiguration;
			buildSettings = {
				ALWAYS_SEARCH_USER_PATHS = NO;
				CLANG_ANALYZER_NONNULL = YES;
				CLANG_ANALYZER_NUMBER_OBJECT_CONVERSION = YES_AGGRESSIVE;
				CLANG_CXX_LANGUAGE_STANDARD = "gnu++14";
				CLANG_CXX_LIBRARY = "libc++";
				CLANG_ENABLE_MODULES = YES;
				CLANG_ENABLE_OBJC_ARC = YES;
				CLANG_ENABLE_OBJC_WEAK = YES;
				CLANG_WARN_BLOCK_CAPTURE_AUTORELEASING = YES;
				CLANG_WARN_BOOL_CONVERSION = YES;
				CLANG_WARN_COMMA = YES;
				CLANG_WARN_CONSTANT_CONVERSION = YES;
				CLANG_WARN_DEPRECATED_OBJC_IMPLEMENTATIONS = YES;
				CLANG_WARN_DIRECT_OBJC_ISA_USAGE = YES_ERROR;
				CLANG_WARN_DOCUMENTATION_COMMENTS = YES;
				CLANG_WARN_EMPTY_BODY = YES;
				CLANG_WARN_ENUM_CONVERSION = YES;
				CLANG_WARN_INFINITE_RECURSION = YES;
				CLANG_WARN_INT_CONVERSION = YES;
				CLANG_WARN_NON_LITERAL_NULL_CONVERSION = YES;
				CLANG_WARN_OBJC_IMPLICIT_RETAIN_SELF = YES;
				CLANG_WARN_OBJC_LITERAL_CONVERSION = YES;
				CLANG_WARN_OBJC_ROOT_CLASS = YES_ERROR;
				CLANG_WARN_RANGE_LOOP_ANALYSIS = YES;
				CLANG_WARN_STRICT_PROTOTYPES = YES;
				CLANG_WARN_SUSPICIOUS_MOVE = YES;
				CLANG_WARN_UNGUARDED_AVAILABILITY = YES_AGGRESSIVE;
				CLANG_WARN_UNREACHABLE_CODE = YES;
				CLANG_WARN__DUPLICATE_METHOD_MATCH = YES;
				COPY_PHASE_STRIP = NO;
				DEBUG_INFORMATION_FORMAT = "dwarf-with-dsym";
				ENABLE_NS_ASSERTIONS = NO;
				ENABLE_STRICT_OBJC_MSGSEND = YES;
				GCC_C_LANGUAGE_STANDARD = gnu11;
				GCC_NO_COMMON_BLOCKS = YES;
				GCC_WARN_64_TO_32_BIT_CONVERSION = YES;
				GCC_WARN_ABOUT_RETURN_TYPE = YES_ERROR;
				GCC_WARN_UNDECLARED_SELECTOR = YES;
				GCC_WARN_UNINITIALIZED_AUTOS = YES_AGGRESSIVE;
				GCC_WARN_UNUSED_FUNCTION = YES;
				GCC_WARN_UNUSED_VARIABLE = YES;
				IPHONEOS_DEPLOYMENT_TARGET = 13.6;
				MTL_ENABLE_DEBUG_INFO = NO;
				MTL_FAST_MATH = YES;
				SDKROOT = iphoneos;
				SWIFT_COMPILATION_MODE = wholemodule;
				SWIFT_OPTIMIZATION_LEVEL = "-O";
				VALIDATE_PRODUCT = YES;
			};
			name = Release;
		};
		E84BB75224E6C2110086BD55 /* Debug */ = {
			isa = XCBuildConfiguration;
			baseConfigurationReference = A0760DC3FF883E7BCD5AC4F2 /* Pods-chanchannel.debug.xcconfig */;
			buildSettings = {
				ASSETCATALOG_COMPILER_APPICON_NAME = AppIcon;
				CODE_SIGN_STYLE = Automatic;
				DEVELOPMENT_ASSET_PATHS = "\"chanchannel/Preview Content\"";
				DEVELOPMENT_TEAM = 9P4M8GHJ7K;
				ENABLE_PREVIEWS = YES;
				INFOPLIST_FILE = chanchannel/Info.plist;
				LD_RUNPATH_SEARCH_PATHS = (
					"$(inherited)",
					"@executable_path/Frameworks",
				);
				PRODUCT_BUNDLE_IDENTIFIER = com.network.chanchannel;
				PRODUCT_NAME = "$(TARGET_NAME)";
				SWIFT_VERSION = 5.0;
				TARGETED_DEVICE_FAMILY = "1,2";
			};
			name = Debug;
		};
		E84BB75324E6C2110086BD55 /* Release */ = {
			isa = XCBuildConfiguration;
			baseConfigurationReference = B728950ACDEFFC35ABE58DFF /* Pods-chanchannel.release.xcconfig */;
			buildSettings = {
				ASSETCATALOG_COMPILER_APPICON_NAME = AppIcon;
				CODE_SIGN_STYLE = Automatic;
				DEVELOPMENT_ASSET_PATHS = "\"chanchannel/Preview Content\"";
				DEVELOPMENT_TEAM = 9P4M8GHJ7K;
				ENABLE_PREVIEWS = YES;
				INFOPLIST_FILE = chanchannel/Info.plist;
				LD_RUNPATH_SEARCH_PATHS = (
					"$(inherited)",
					"@executable_path/Frameworks",
				);
				PRODUCT_BUNDLE_IDENTIFIER = com.network.chanchannel;
				PRODUCT_NAME = "$(TARGET_NAME)";
				SWIFT_VERSION = 5.0;
				TARGETED_DEVICE_FAMILY = "1,2";
			};
			name = Release;
		};
		E84BB75524E6C2110086BD55 /* Debug */ = {
			isa = XCBuildConfiguration;
			baseConfigurationReference = E64923EBEE020E780AD9D7A9 /* Pods-chanchannelTests.debug.xcconfig */;
			buildSettings = {
				ALWAYS_EMBED_SWIFT_STANDARD_LIBRARIES = YES;
				BUNDLE_LOADER = "$(TEST_HOST)";
				CODE_SIGN_STYLE = Automatic;
				DEVELOPMENT_TEAM = 9P4M8GHJ7K;
				INFOPLIST_FILE = chanchannelTests/Info.plist;
				IPHONEOS_DEPLOYMENT_TARGET = 13.6;
				LD_RUNPATH_SEARCH_PATHS = (
					"$(inherited)",
					"@executable_path/Frameworks",
					"@loader_path/Frameworks",
				);
				PRODUCT_BUNDLE_IDENTIFIER = com.network.chanchannelTests;
				PRODUCT_NAME = "$(TARGET_NAME)";
				SWIFT_VERSION = 5.0;
				TARGETED_DEVICE_FAMILY = "1,2";
				TEST_HOST = "$(BUILT_PRODUCTS_DIR)/chanchannel.app/chanchannel";
			};
			name = Debug;
		};
		E84BB75624E6C2110086BD55 /* Release */ = {
			isa = XCBuildConfiguration;
			baseConfigurationReference = A5528471569C9C0EC4BAD165 /* Pods-chanchannelTests.release.xcconfig */;
			buildSettings = {
				ALWAYS_EMBED_SWIFT_STANDARD_LIBRARIES = YES;
				BUNDLE_LOADER = "$(TEST_HOST)";
				CODE_SIGN_STYLE = Automatic;
				DEVELOPMENT_TEAM = 9P4M8GHJ7K;
				INFOPLIST_FILE = chanchannelTests/Info.plist;
				IPHONEOS_DEPLOYMENT_TARGET = 13.6;
				LD_RUNPATH_SEARCH_PATHS = (
					"$(inherited)",
					"@executable_path/Frameworks",
					"@loader_path/Frameworks",
				);
				PRODUCT_BUNDLE_IDENTIFIER = com.network.chanchannelTests;
				PRODUCT_NAME = "$(TARGET_NAME)";
				SWIFT_VERSION = 5.0;
				TARGETED_DEVICE_FAMILY = "1,2";
				TEST_HOST = "$(BUILT_PRODUCTS_DIR)/chanchannel.app/chanchannel";
			};
			name = Release;
		};
		E84BB75824E6C2110086BD55 /* Debug */ = {
			isa = XCBuildConfiguration;
			baseConfigurationReference = EF92BB75D408E4F78FECF230 /* Pods-chanchannel-chanchannelUITests.debug.xcconfig */;
			buildSettings = {
				ALWAYS_EMBED_SWIFT_STANDARD_LIBRARIES = YES;
				CODE_SIGN_STYLE = Automatic;
				DEVELOPMENT_TEAM = 9P4M8GHJ7K;
				INFOPLIST_FILE = chanchannelUITests/Info.plist;
				LD_RUNPATH_SEARCH_PATHS = (
					"$(inherited)",
					"@executable_path/Frameworks",
					"@loader_path/Frameworks",
				);
				PRODUCT_BUNDLE_IDENTIFIER = com.network.chanchannelUITests;
				PRODUCT_NAME = "$(TARGET_NAME)";
				SWIFT_VERSION = 5.0;
				TARGETED_DEVICE_FAMILY = "1,2";
				TEST_TARGET_NAME = chanchannel;
			};
			name = Debug;
		};
		E84BB75924E6C2110086BD55 /* Release */ = {
			isa = XCBuildConfiguration;
			baseConfigurationReference = D1D45D219E9CB1F555848E16 /* Pods-chanchannel-chanchannelUITests.release.xcconfig */;
			buildSettings = {
				ALWAYS_EMBED_SWIFT_STANDARD_LIBRARIES = YES;
				CODE_SIGN_STYLE = Automatic;
				DEVELOPMENT_TEAM = 9P4M8GHJ7K;
				INFOPLIST_FILE = chanchannelUITests/Info.plist;
				LD_RUNPATH_SEARCH_PATHS = (
					"$(inherited)",
					"@executable_path/Frameworks",
					"@loader_path/Frameworks",
				);
				PRODUCT_BUNDLE_IDENTIFIER = com.network.chanchannelUITests;
				PRODUCT_NAME = "$(TARGET_NAME)";
				SWIFT_VERSION = 5.0;
				TARGETED_DEVICE_FAMILY = "1,2";
				TEST_TARGET_NAME = chanchannel;
			};
			name = Release;
		};
/* End XCBuildConfiguration section */

/* Begin XCConfigurationList section */
		E84BB72224E6C20F0086BD55 /* Build configuration list for PBXProject "chanchannel" */ = {
			isa = XCConfigurationList;
			buildConfigurations = (
				E84BB74F24E6C2110086BD55 /* Debug */,
				E84BB75024E6C2110086BD55 /* Release */,
			);
			defaultConfigurationIsVisible = 0;
			defaultConfigurationName = Release;
		};
		E84BB75124E6C2110086BD55 /* Build configuration list for PBXNativeTarget "chanchannel" */ = {
			isa = XCConfigurationList;
			buildConfigurations = (
				E84BB75224E6C2110086BD55 /* Debug */,
				E84BB75324E6C2110086BD55 /* Release */,
			);
			defaultConfigurationIsVisible = 0;
			defaultConfigurationName = Release;
		};
		E84BB75424E6C2110086BD55 /* Build configuration list for PBXNativeTarget "chanchannelTests" */ = {
			isa = XCConfigurationList;
			buildConfigurations = (
				E84BB75524E6C2110086BD55 /* Debug */,
				E84BB75624E6C2110086BD55 /* Release */,
			);
			defaultConfigurationIsVisible = 0;
			defaultConfigurationName = Release;
		};
		E84BB75724E6C2110086BD55 /* Build configuration list for PBXNativeTarget "chanchannelUITests" */ = {
			isa = XCConfigurationList;
			buildConfigurations = (
				E84BB75824E6C2110086BD55 /* Debug */,
				E84BB75924E6C2110086BD55 /* Release */,
			);
			defaultConfigurationIsVisible = 0;
			defaultConfigurationName = Release;
		};
/* End XCConfigurationList section */
	};
	rootObject = E84BB71F24E6C20F0086BD55 /* Project object */;
}
